
Microsoft Visual Studio Solution File, Format Version 12.00
# Visual Studio Version 16
VisualStudioVersion = 16.0.29609.76
MinimumVisualStudioVersion = 10.0.40219.1
Project("{9A19103F-16F7-4668-BE54-9A1E7A4F7556}") = "AspNetCoreIdentityCustomization", "AspNetCoreIdentityCustomization\AspNetCoreIdentityCustomization.csproj", "{0545FF0F-6CF7-47DA-9726-9A2E706EB87F}"
EndProject
Project("{9A19103F-16F7-4668-BE54-9A1E7A4F7556}") = "AspNetCoreIdentityCustomization.Core", "Core\AspNetCoreIdentityCustomization.Core.csproj", "{4BE4E839-58E6-443B-A5A3-2F4CC983E54B}"
EndProject
Project("{9A19103F-16F7-4668-BE54-9A1E7A4F7556}") = "AspNetCoreIdentityCustomization.Data", "Data\AspNetCoreIdentityCustomization.Data.csproj", "{0322F3D0-4CEE-452F-94E8-0C3AD2AA9870}"
EndProject
Project("{9A19103F-16F7-4668-BE54-9A1E7A4F7556}") = "AspNetCoreIdentityCustomization.WebApi.Client", "AspNetCoreIdentityCustomization.WebApi.Client\AspNetCoreIdentityCustomization.WebApi.Client.csproj", "{0F569EAD-24F1-4A8A-9428-BE96498E14D2}"
EndProject
Project("{9A19103F-16F7-4668-BE54-9A1E7A4F7556}") = "AspNetCoreIdentityCustomization.RESPApiProject", "RESPApiProject\AspNetCoreIdentityCustomization.RESPApiProject.csproj", "{E8630D4E-C260-4001-A6F5-E66574E81BEE}"
EndProject
Project("{2150E333-8FDC-42A3-9474-1A3956D46DE8}") = "Solution Items", "Solution Items", "{59AFD24E-B0C7-4BC6-AD28-57D9A708B093}"
	ProjectSection(SolutionItems) = preProject
		Local.testsettings = Local.testsettings
	EndProjectSection
EndProject
Project("{F184B08F-C81C-45F6-A57F-5ABD9991F28F}") = "WebAndLoadTestProject1", "WebAndLoadTestProject1\WebAndLoadTestProject1.vbproj", "{ED736A67-97D7-40C7-B83C-D6A6CA9B84B1}"
EndProject
Project("{9A19103F-16F7-4668-BE54-9A1E7A4F7556}") = "WorkerService", "WorkerService\WorkerService.csproj", "{E88899E8-E4E1-4B15-8726-3475973ABFA5}"
EndProject
Global
	GlobalSection(SolutionConfigurationPlatforms) = preSolution
		Debug|Any CPU = Debug|Any CPU
		Release|Any CPU = Release|Any CPU
	EndGlobalSection
	GlobalSection(ProjectConfigurationPlatforms) = postSolution
		{0545FF0F-6CF7-47DA-9726-9A2E706EB87F}.Debug|Any CPU.ActiveCfg = Debug|Any CPU
		{0545FF0F-6CF7-47DA-9726-9A2E706EB87F}.Debug|Any CPU.Build.0 = Debug|Any CPU
		{0545FF0F-6CF7-47DA-9726-9A2E706EB87F}.Release|Any CPU.ActiveCfg = Release|Any CPU
		{0545FF0F-6CF7-47DA-9726-9A2E706EB87F}.Release|Any CPU.Build.0 = Release|Any CPU
		{4BE4E839-58E6-443B-A5A3-2F4CC983E54B}.Debug|Any CPU.ActiveCfg = Debug|Any CPU
		{4BE4E839-58E6-443B-A5A3-2F4CC983E54B}.Debug|Any CPU.Build.0 = Debug|Any CPU
		{4BE4E839-58E6-443B-A5A3-2F4CC983E54B}.Release|Any CPU.ActiveCfg = Release|Any CPU
		{4BE4E839-58E6-443B-A5A3-2F4CC983E54B}.Release|Any CPU.Build.0 = Release|Any CPU
		{0322F3D0-4CEE-452F-94E8-0C3AD2AA9870}.Debug|Any CPU.ActiveCfg = Debug|Any CPU
		{0322F3D0-4CEE-452F-94E8-0C3AD2AA9870}.Debug|Any CPU.Build.0 = Debug|Any CPU
		{0322F3D0-4CEE-452F-94E8-0C3AD2AA9870}.Release|Any CPU.ActiveCfg = Release|Any CPU
		{0322F3D0-4CEE-452F-94E8-0C3AD2AA9870}.Release|Any CPU.Build.0 = Release|Any CPU
		{0F569EAD-24F1-4A8A-9428-BE96498E14D2}.Debug|Any CPU.ActiveCfg = Debug|Any CPU
		{0F569EAD-24F1-4A8A-9428-BE96498E14D2}.Debug|Any CPU.Build.0 = Debug|Any CPU
		{0F569EAD-24F1-4A8A-9428-BE96498E14D2}.Release|Any CPU.ActiveCfg = Release|Any CPU
		{0F569EAD-24F1-4A8A-9428-BE96498E14D2}.Release|Any CPU.Build.0 = Release|Any CPU
		{E8630D4E-C260-4001-A6F5-E66574E81BEE}.Debug|Any CPU.ActiveCfg = Debug|Any CPU
		{E8630D4E-C260-4001-A6F5-E66574E81BEE}.Debug|Any CPU.Build.0 = Debug|Any CPU
		{E8630D4E-C260-4001-A6F5-E66574E81BEE}.Release|Any CPU.ActiveCfg = Release|Any CPU
		{E8630D4E-C260-4001-A6F5-E66574E81BEE}.Release|Any CPU.Build.0 = Release|Any CPU
		{ED736A67-97D7-40C7-B83C-D6A6CA9B84B1}.Debug|Any CPU.ActiveCfg = Debug|Any CPU
		{ED736A67-97D7-40C7-B83C-D6A6CA9B84B1}.Debug|Any CPU.Build.0 = Debug|Any CPU
		{ED736A67-97D7-40C7-B83C-D6A6CA9B84B1}.Release|Any CPU.ActiveCfg = Release|Any CPU
		{ED736A67-97D7-40C7-B83C-D6A6CA9B84B1}.Release|Any CPU.Build.0 = Release|Any CPU
		{E88899E8-E4E1-4B15-8726-3475973ABFA5}.Debug|Any CPU.ActiveCfg = Debug|Any CPU
		{E88899E8-E4E1-4B15-8726-3475973ABFA5}.Debug|Any CPU.Build.0 = Debug|Any CPU
		{E88899E8-E4E1-4B15-8726-3475973ABFA5}.Release|Any CPU.ActiveCfg = Release|Any CPU
		{E88899E8-E4E1-4B15-8726-3475973ABFA5}.Release|Any CPU.Build.0 = Release|Any CPU
	EndGlobalSection
	GlobalSection(SolutionProperties) = preSolution
		HideSolutionNode = FALSE
	EndGlobalSection
	GlobalSection(ExtensibilityGlobals) = postSolution
		SolutionGuid = {5138D69A-B359-482C-B497-E51571538DC6}
	EndGlobalSection
EndGlobal
