
Microsoft Visual Studio Solution File, Format Version 12.00
# Visual Studio 15
VisualStudioVersion = 15.0.28306.52
MinimumVisualStudioVersion = 10.0.40219.1
Project("{FAE04EC0-301F-11D3-BF4B-00C04F79EFBC}") = "AspNetCoreIdentityCustomization", "AspNetCoreIdentityCustomization\AspNetCoreIdentityCustomization.csproj", "{0545FF0F-6CF7-47DA-9726-9A2E706EB87F}"
EndProject
Global
	GlobalSection(SolutionConfigurationPlatforms) = preSolution
		Debug|Any CPU = Debug|Any CPU
		Release|Any CPU = Release|Any CPU
	EndGlobalSection
	GlobalSection(ProjectConfigurationPlatforms) = postSolution
		{0545FF0F-6CF7-47DA-9726-9A2E706EB87F}.Debug|Any CPU.ActiveCfg = Debug|Any CPU
		{0545FF0F-6CF7-47DA-9726-9A2E706EB87F}.Debug|Any CPU.Build.0 = Debug|Any CPU
		{0545FF0F-6CF7-47DA-9726-9A2E706EB87F}.Release|Any CPU.ActiveCfg = Release|Any CPU
		{0545FF0F-6CF7-47DA-9726-9A2E706EB87F}.Release|Any CPU.Build.0 = Release|Any CPU
	EndGlobalSection
	GlobalSection(SolutionProperties) = preSolution
		HideSolutionNode = FALSE
	EndGlobalSection
	GlobalSection(ExtensibilityGlobals) = postSolution
		SolutionGuid = {5138D69A-B359-482C-B497-E51571538DC6}
	EndGlobalSection
EndGlobal
